
Microsoft Visual Studio Solution File, Format Version 12.00
# Visual Studio Version 16
VisualStudioVersion = 16.0.29020.237
MinimumVisualStudioVersion = 10.0.40219.1
Project("{9A19103F-16F7-4668-BE54-9A1E7A4F7556}") = "Web", "Web\Web.csproj", "{353F602F-E101-4D4B-9167-AB0871273BD1}"
EndProject
Project("{9A19103F-16F7-4668-BE54-9A1E7A4F7556}") = "SharedLibrary", "ClassLibrary\SharedLibrary.csproj", "{8C2A1E57-BF29-420D-B8C3-757A2D7CB79B}"
EndProject
Project("{9A19103F-16F7-4668-BE54-9A1E7A4F7556}") = "WebAPI", "WebAPI\WebAPI.csproj", "{B4CE04DA-86E6-47D4-BB6F-8BFFE35D3B0C}"
EndProject
Project("{9A19103F-16F7-4668-BE54-9A1E7A4F7556}") = "WebMinotaur", "WebMinotaur\WebMinotaur.csproj", "{1F50838A-5B49-4472-9D93-59E9934AFE81}"
EndProject
Project("{9A19103F-16F7-4668-BE54-9A1E7A4F7556}") = "SharedLib", "SharedLib\SharedLib.csproj", "{D0C31DF3-FABD-4C7F-A803-43909D0695C9}"
EndProject
Project("{FAE04EC0-301F-11D3-BF4B-00C04F79EFBC}") = "WebMinotor.UnitTest", "WebMinotor.UnitTest\WebMinotor.UnitTest.csproj", "{71B1BEC0-44DB-49B9-B546-7BC3F2D56B5A}"
EndProject
Global
	GlobalSection(SolutionConfigurationPlatforms) = preSolution
		Debug|Any CPU = Debug|Any CPU
		Release|Any CPU = Release|Any CPU
	EndGlobalSection
	GlobalSection(ProjectConfigurationPlatforms) = postSolution
		{353F602F-E101-4D4B-9167-AB0871273BD1}.Debug|Any CPU.ActiveCfg = Debug|Any CPU
		{353F602F-E101-4D4B-9167-AB0871273BD1}.Debug|Any CPU.Build.0 = Debug|Any CPU
		{353F602F-E101-4D4B-9167-AB0871273BD1}.Release|Any CPU.ActiveCfg = Release|Any CPU
		{353F602F-E101-4D4B-9167-AB0871273BD1}.Release|Any CPU.Build.0 = Release|Any CPU
		{8C2A1E57-BF29-420D-B8C3-757A2D7CB79B}.Debug|Any CPU.ActiveCfg = Debug|Any CPU
		{8C2A1E57-BF29-420D-B8C3-757A2D7CB79B}.Debug|Any CPU.Build.0 = Debug|Any CPU
		{8C2A1E57-BF29-420D-B8C3-757A2D7CB79B}.Release|Any CPU.ActiveCfg = Release|Any CPU
		{8C2A1E57-BF29-420D-B8C3-757A2D7CB79B}.Release|Any CPU.Build.0 = Release|Any CPU
		{B4CE04DA-86E6-47D4-BB6F-8BFFE35D3B0C}.Debug|Any CPU.ActiveCfg = Debug|Any CPU
		{B4CE04DA-86E6-47D4-BB6F-8BFFE35D3B0C}.Debug|Any CPU.Build.0 = Debug|Any CPU
		{B4CE04DA-86E6-47D4-BB6F-8BFFE35D3B0C}.Release|Any CPU.ActiveCfg = Release|Any CPU
		{B4CE04DA-86E6-47D4-BB6F-8BFFE35D3B0C}.Release|Any CPU.Build.0 = Release|Any CPU
		{1F50838A-5B49-4472-9D93-59E9934AFE81}.Debug|Any CPU.ActiveCfg = Debug|Any CPU
		{1F50838A-5B49-4472-9D93-59E9934AFE81}.Debug|Any CPU.Build.0 = Debug|Any CPU
		{1F50838A-5B49-4472-9D93-59E9934AFE81}.Release|Any CPU.ActiveCfg = Release|Any CPU
		{1F50838A-5B49-4472-9D93-59E9934AFE81}.Release|Any CPU.Build.0 = Release|Any CPU
		{D0C31DF3-FABD-4C7F-A803-43909D0695C9}.Debug|Any CPU.ActiveCfg = Debug|Any CPU
		{D0C31DF3-FABD-4C7F-A803-43909D0695C9}.Debug|Any CPU.Build.0 = Debug|Any CPU
		{D0C31DF3-FABD-4C7F-A803-43909D0695C9}.Release|Any CPU.ActiveCfg = Release|Any CPU
		{D0C31DF3-FABD-4C7F-A803-43909D0695C9}.Release|Any CPU.Build.0 = Release|Any CPU
		{71B1BEC0-44DB-49B9-B546-7BC3F2D56B5A}.Debug|Any CPU.ActiveCfg = Debug|Any CPU
		{71B1BEC0-44DB-49B9-B546-7BC3F2D56B5A}.Debug|Any CPU.Build.0 = Debug|Any CPU
		{71B1BEC0-44DB-49B9-B546-7BC3F2D56B5A}.Release|Any CPU.ActiveCfg = Release|Any CPU
		{71B1BEC0-44DB-49B9-B546-7BC3F2D56B5A}.Release|Any CPU.Build.0 = Release|Any CPU
	EndGlobalSection
	GlobalSection(SolutionProperties) = preSolution
		HideSolutionNode = FALSE
	EndGlobalSection
	GlobalSection(ExtensibilityGlobals) = postSolution
		SolutionGuid = {869FE083-B7D0-45A8-BC15-F897000067D3}
	EndGlobalSection
EndGlobal
