
Microsoft Visual Studio Solution File, Format Version 12.00
# Visual Studio Version 16
VisualStudioVersion = 16.0.29020.237
MinimumVisualStudioVersion = 10.0.40219.1
Project("{9A19103F-16F7-4668-BE54-9A1E7A4F7556}") = "WebMinotaur", "WebMinotaur\WebMinotaur.csproj", "{1F50838A-5B49-4472-9D93-59E9934AFE81}"
EndProject
Project("{9A19103F-16F7-4668-BE54-9A1E7A4F7556}") = "SharedLib", "SharedLib\SharedLib.csproj", "{D0C31DF3-FABD-4C7F-A803-43909D0695C9}"
EndProject
Project("{9A19103F-16F7-4668-BE54-9A1E7A4F7556}") = "ConsoleClient", "ConsoleClient\ConsoleClient.csproj", "{9DE8C1E6-BE1A-4BEF-89C1-6A28879ED88D}"
EndProject
Global
	GlobalSection(SolutionConfigurationPlatforms) = preSolution
		Debug|Any CPU = Debug|Any CPU
		Release|Any CPU = Release|Any CPU
	EndGlobalSection
	GlobalSection(ProjectConfigurationPlatforms) = postSolution
		{1F50838A-5B49-4472-9D93-59E9934AFE81}.Debug|Any CPU.ActiveCfg = Debug|Any CPU
		{1F50838A-5B49-4472-9D93-59E9934AFE81}.Debug|Any CPU.Build.0 = Debug|Any CPU
		{1F50838A-5B49-4472-9D93-59E9934AFE81}.Release|Any CPU.ActiveCfg = Release|Any CPU
		{1F50838A-5B49-4472-9D93-59E9934AFE81}.Release|Any CPU.Build.0 = Release|Any CPU
		{D0C31DF3-FABD-4C7F-A803-43909D0695C9}.Debug|Any CPU.ActiveCfg = Debug|Any CPU
		{D0C31DF3-FABD-4C7F-A803-43909D0695C9}.Debug|Any CPU.Build.0 = Debug|Any CPU
		{D0C31DF3-FABD-4C7F-A803-43909D0695C9}.Release|Any CPU.ActiveCfg = Release|Any CPU
		{D0C31DF3-FABD-4C7F-A803-43909D0695C9}.Release|Any CPU.Build.0 = Release|Any CPU
		{9DE8C1E6-BE1A-4BEF-89C1-6A28879ED88D}.Debug|Any CPU.ActiveCfg = Debug|Any CPU
		{9DE8C1E6-BE1A-4BEF-89C1-6A28879ED88D}.Debug|Any CPU.Build.0 = Debug|Any CPU
		{9DE8C1E6-BE1A-4BEF-89C1-6A28879ED88D}.Release|Any CPU.ActiveCfg = Release|Any CPU
		{9DE8C1E6-BE1A-4BEF-89C1-6A28879ED88D}.Release|Any CPU.Build.0 = Release|Any CPU
	EndGlobalSection
	GlobalSection(SolutionProperties) = preSolution
		HideSolutionNode = FALSE
	EndGlobalSection
	GlobalSection(ExtensibilityGlobals) = postSolution
		SolutionGuid = {869FE083-B7D0-45A8-BC15-F897000067D3}
	EndGlobalSection
EndGlobal
